
Microsoft Visual Studio Solution File, Format Version 12.00
# Visual Studio Version 17
VisualStudioVersion = 17.0.31903.59
MinimumVisualStudioVersion = 10.0.40219.1
Project("{2150E333-8FDC-42A3-9474-1A3956D46DE8}") = "src", "src", "{827E0CD3-B72D-47B6-A68D-7590B98EB39B}"
EndProject
Project("{FAE04EC0-301F-11D3-BF4B-00C04F79EFBC}") = "LineageLauncher.Core", "src\LineageLauncher.Core\LineageLauncher.Core.csproj", "{31029048-0A04-4435-A260-25CEA05633E4}"
EndProject
Project("{FAE04EC0-301F-11D3-BF4B-00C04F79EFBC}") = "LineageLauncher.Crypto", "src\LineageLauncher.Crypto\LineageLauncher.Crypto.csproj", "{9668B1E4-EE77-4CD9-8922-E324BDE72FE3}"
EndProject
Project("{FAE04EC0-301F-11D3-BF4B-00C04F79EFBC}") = "LineageLauncher.Network", "src\LineageLauncher.Network\LineageLauncher.Network.csproj", "{0AE2FBA5-49CF-4E0F-9533-FC7008C734AC}"
EndProject
Project("{FAE04EC0-301F-11D3-BF4B-00C04F79EFBC}") = "LineageLauncher.Patcher", "src\LineageLauncher.Patcher\LineageLauncher.Patcher.csproj", "{A3B4A387-D6F5-43F8-ABD7-5233B2AB56D2}"
EndProject
Project("{FAE04EC0-301F-11D3-BF4B-00C04F79EFBC}") = "LineageLauncher.Launcher", "src\LineageLauncher.Launcher\LineageLauncher.Launcher.csproj", "{D209C4A9-0579-4AC8-AB29-336B9EC4F64C}"
EndProject
Project("{FAE04EC0-301F-11D3-BF4B-00C04F79EFBC}") = "LineageLauncher.Infrastructure", "src\LineageLauncher.Infrastructure\LineageLauncher.Infrastructure.csproj", "{547E99D0-0FCC-459B-9477-945C906C736B}"
EndProject
Project("{FAE04EC0-301F-11D3-BF4B-00C04F79EFBC}") = "LineageLauncher.App", "src\LineageLauncher.App\LineageLauncher.App.csproj", "{CB93669B-EC44-4571-B842-8BB37EDDB48D}"
EndProject
Project("{2150E333-8FDC-42A3-9474-1A3956D46DE8}") = "tests", "tests", "{0AB3BF05-4346-4AA6-1389-037BE0695223}"
EndProject
Project("{FAE04EC0-301F-11D3-BF4B-00C04F79EFBC}") = "LineageLauncher.UnitTests", "tests\LineageLauncher.UnitTests\LineageLauncher.UnitTests.csproj", "{802A0954-B83C-448C-945C-E6C8A2CD30CC}"
EndProject
Project("{FAE04EC0-301F-11D3-BF4B-00C04F79EFBC}") = "LineageLauncher.IntegrationTests", "tests\LineageLauncher.IntegrationTests\LineageLauncher.IntegrationTests.csproj", "{9073121D-CD25-4FC3-95B7-AAE6C591DD2F}"
EndProject
Global
	GlobalSection(SolutionConfigurationPlatforms) = preSolution
		Debug|Any CPU = Debug|Any CPU
		Debug|x64 = Debug|x64
		Debug|x86 = Debug|x86
		Release|Any CPU = Release|Any CPU
		Release|x64 = Release|x64
		Release|x86 = Release|x86
	EndGlobalSection
	GlobalSection(ProjectConfigurationPlatforms) = postSolution
		{31029048-0A04-4435-A260-25CEA05633E4}.Debug|Any CPU.ActiveCfg = Debug|Any CPU
		{31029048-0A04-4435-A260-25CEA05633E4}.Debug|Any CPU.Build.0 = Debug|Any CPU
		{31029048-0A04-4435-A260-25CEA05633E4}.Debug|x64.ActiveCfg = Debug|Any CPU
		{31029048-0A04-4435-A260-25CEA05633E4}.Debug|x64.Build.0 = Debug|Any CPU
		{31029048-0A04-4435-A260-25CEA05633E4}.Debug|x86.ActiveCfg = Debug|Any CPU
		{31029048-0A04-4435-A260-25CEA05633E4}.Debug|x86.Build.0 = Debug|Any CPU
		{31029048-0A04-4435-A260-25CEA05633E4}.Release|Any CPU.ActiveCfg = Release|Any CPU
		{31029048-0A04-4435-A260-25CEA05633E4}.Release|Any CPU.Build.0 = Release|Any CPU
		{31029048-0A04-4435-A260-25CEA05633E4}.Release|x64.ActiveCfg = Release|Any CPU
		{31029048-0A04-4435-A260-25CEA05633E4}.Release|x64.Build.0 = Release|Any CPU
		{31029048-0A04-4435-A260-25CEA05633E4}.Release|x86.ActiveCfg = Release|Any CPU
		{31029048-0A04-4435-A260-25CEA05633E4}.Release|x86.Build.0 = Release|Any CPU
		{9668B1E4-EE77-4CD9-8922-E324BDE72FE3}.Debug|Any CPU.ActiveCfg = Debug|Any CPU
		{9668B1E4-EE77-4CD9-8922-E324BDE72FE3}.Debug|Any CPU.Build.0 = Debug|Any CPU
		{9668B1E4-EE77-4CD9-8922-E324BDE72FE3}.Debug|x64.ActiveCfg = Debug|Any CPU
		{9668B1E4-EE77-4CD9-8922-E324BDE72FE3}.Debug|x64.Build.0 = Debug|Any CPU
		{9668B1E4-EE77-4CD9-8922-E324BDE72FE3}.Debug|x86.ActiveCfg = Debug|Any CPU
		{9668B1E4-EE77-4CD9-8922-E324BDE72FE3}.Debug|x86.Build.0 = Debug|Any CPU
		{9668B1E4-EE77-4CD9-8922-E324BDE72FE3}.Release|Any CPU.ActiveCfg = Release|Any CPU
		{9668B1E4-EE77-4CD9-8922-E324BDE72FE3}.Release|Any CPU.Build.0 = Release|Any CPU
		{9668B1E4-EE77-4CD9-8922-E324BDE72FE3}.Release|x64.ActiveCfg = Release|Any CPU
		{9668B1E4-EE77-4CD9-8922-E324BDE72FE3}.Release|x64.Build.0 = Release|Any CPU
		{9668B1E4-EE77-4CD9-8922-E324BDE72FE3}.Release|x86.ActiveCfg = Release|Any CPU
		{9668B1E4-EE77-4CD9-8922-E324BDE72FE3}.Release|x86.Build.0 = Release|Any CPU
		{0AE2FBA5-49CF-4E0F-9533-FC7008C734AC}.Debug|Any CPU.ActiveCfg = Debug|Any CPU
		{0AE2FBA5-49CF-4E0F-9533-FC7008C734AC}.Debug|Any CPU.Build.0 = Debug|Any CPU
		{0AE2FBA5-49CF-4E0F-9533-FC7008C734AC}.Debug|x64.ActiveCfg = Debug|Any CPU
		{0AE2FBA5-49CF-4E0F-9533-FC7008C734AC}.Debug|x64.Build.0 = Debug|Any CPU
		{0AE2FBA5-49CF-4E0F-9533-FC7008C734AC}.Debug|x86.ActiveCfg = Debug|Any CPU
		{0AE2FBA5-49CF-4E0F-9533-FC7008C734AC}.Debug|x86.Build.0 = Debug|Any CPU
		{0AE2FBA5-49CF-4E0F-9533-FC7008C734AC}.Release|Any CPU.ActiveCfg = Release|Any CPU
		{0AE2FBA5-49CF-4E0F-9533-FC7008C734AC}.Release|Any CPU.Build.0 = Release|Any CPU
		{0AE2FBA5-49CF-4E0F-9533-FC7008C734AC}.Release|x64.ActiveCfg = Release|Any CPU
		{0AE2FBA5-49CF-4E0F-9533-FC7008C734AC}.Release|x64.Build.0 = Release|Any CPU
		{0AE2FBA5-49CF-4E0F-9533-FC7008C734AC}.Release|x86.ActiveCfg = Release|Any CPU
		{0AE2FBA5-49CF-4E0F-9533-FC7008C734AC}.Release|x86.Build.0 = Release|Any CPU
		{A3B4A387-D6F5-43F8-ABD7-5233B2AB56D2}.Debug|Any CPU.ActiveCfg = Debug|Any CPU
		{A3B4A387-D6F5-43F8-ABD7-5233B2AB56D2}.Debug|Any CPU.Build.0 = Debug|Any CPU
		{A3B4A387-D6F5-43F8-ABD7-5233B2AB56D2}.Debug|x64.ActiveCfg = Debug|Any CPU
		{A3B4A387-D6F5-43F8-ABD7-5233B2AB56D2}.Debug|x64.Build.0 = Debug|Any CPU
		{A3B4A387-D6F5-43F8-ABD7-5233B2AB56D2}.Debug|x86.ActiveCfg = Debug|Any CPU
		{A3B4A387-D6F5-43F8-ABD7-5233B2AB56D2}.Debug|x86.Build.0 = Debug|Any CPU
		{A3B4A387-D6F5-43F8-ABD7-5233B2AB56D2}.Release|Any CPU.ActiveCfg = Release|Any CPU
		{A3B4A387-D6F5-43F8-ABD7-5233B2AB56D2}.Release|Any CPU.Build.0 = Release|Any CPU
		{A3B4A387-D6F5-43F8-ABD7-5233B2AB56D2}.Release|x64.ActiveCfg = Release|Any CPU
		{A3B4A387-D6F5-43F8-ABD7-5233B2AB56D2}.Release|x64.Build.0 = Release|Any CPU
		{A3B4A387-D6F5-43F8-ABD7-5233B2AB56D2}.Release|x86.ActiveCfg = Release|Any CPU
		{A3B4A387-D6F5-43F8-ABD7-5233B2AB56D2}.Release|x86.Build.0 = Release|Any CPU
		{D209C4A9-0579-4AC8-AB29-336B9EC4F64C}.Debug|Any CPU.ActiveCfg = Debug|Any CPU
		{D209C4A9-0579-4AC8-AB29-336B9EC4F64C}.Debug|Any CPU.Build.0 = Debug|Any CPU
		{D209C4A9-0579-4AC8-AB29-336B9EC4F64C}.Debug|x64.ActiveCfg = Debug|Any CPU
		{D209C4A9-0579-4AC8-AB29-336B9EC4F64C}.Debug|x64.Build.0 = Debug|Any CPU
		{D209C4A9-0579-4AC8-AB29-336B9EC4F64C}.Debug|x86.ActiveCfg = Debug|Any CPU
		{D209C4A9-0579-4AC8-AB29-336B9EC4F64C}.Debug|x86.Build.0 = Debug|Any CPU
		{D209C4A9-0579-4AC8-AB29-336B9EC4F64C}.Release|Any CPU.ActiveCfg = Release|Any CPU
		{D209C4A9-0579-4AC8-AB29-336B9EC4F64C}.Release|Any CPU.Build.0 = Release|Any CPU
		{D209C4A9-0579-4AC8-AB29-336B9EC4F64C}.Release|x64.ActiveCfg = Release|Any CPU
		{D209C4A9-0579-4AC8-AB29-336B9EC4F64C}.Release|x64.Build.0 = Release|Any CPU
		{D209C4A9-0579-4AC8-AB29-336B9EC4F64C}.Release|x86.ActiveCfg = Release|Any CPU
		{D209C4A9-0579-4AC8-AB29-336B9EC4F64C}.Release|x86.Build.0 = Release|Any CPU
		{547E99D0-0FCC-459B-9477-945C906C736B}.Debug|Any CPU.ActiveCfg = Debug|Any CPU
		{547E99D0-0FCC-459B-9477-945C906C736B}.Debug|Any CPU.Build.0 = Debug|Any CPU
		{547E99D0-0FCC-459B-9477-945C906C736B}.Debug|x64.ActiveCfg = Debug|Any CPU
		{547E99D0-0FCC-459B-9477-945C906C736B}.Debug|x64.Build.0 = Debug|Any CPU
		{547E99D0-0FCC-459B-9477-945C906C736B}.Debug|x86.ActiveCfg = Debug|Any CPU
		{547E99D0-0FCC-459B-9477-945C906C736B}.Debug|x86.Build.0 = Debug|Any CPU
		{547E99D0-0FCC-459B-9477-945C906C736B}.Release|Any CPU.ActiveCfg = Release|Any CPU
		{547E99D0-0FCC-459B-9477-945C906C736B}.Release|Any CPU.Build.0 = Release|Any CPU
		{547E99D0-0FCC-459B-9477-945C906C736B}.Release|x64.ActiveCfg = Release|Any CPU
		{547E99D0-0FCC-459B-9477-945C906C736B}.Release|x64.Build.0 = Release|Any CPU
		{547E99D0-0FCC-459B-9477-945C906C736B}.Release|x86.ActiveCfg = Release|Any CPU
		{547E99D0-0FCC-459B-9477-945C906C736B}.Release|x86.Build.0 = Release|Any CPU
		{CB93669B-EC44-4571-B842-8BB37EDDB48D}.Debug|Any CPU.ActiveCfg = Debug|Any CPU
		{CB93669B-EC44-4571-B842-8BB37EDDB48D}.Debug|Any CPU.Build.0 = Debug|Any CPU
		{CB93669B-EC44-4571-B842-8BB37EDDB48D}.Debug|x64.ActiveCfg = Debug|Any CPU
		{CB93669B-EC44-4571-B842-8BB37EDDB48D}.Debug|x64.Build.0 = Debug|Any CPU
		{CB93669B-EC44-4571-B842-8BB37EDDB48D}.Debug|x86.ActiveCfg = Debug|Any CPU
		{CB93669B-EC44-4571-B842-8BB37EDDB48D}.Debug|x86.Build.0 = Debug|Any CPU
		{CB93669B-EC44-4571-B842-8BB37EDDB48D}.Release|Any CPU.ActiveCfg = Release|Any CPU
		{CB93669B-EC44-4571-B842-8BB37EDDB48D}.Release|Any CPU.Build.0 = Release|Any CPU
		{CB93669B-EC44-4571-B842-8BB37EDDB48D}.Release|x64.ActiveCfg = Release|Any CPU
		{CB93669B-EC44-4571-B842-8BB37EDDB48D}.Release|x64.Build.0 = Release|Any CPU
		{CB93669B-EC44-4571-B842-8BB37EDDB48D}.Release|x86.ActiveCfg = Release|Any CPU
		{CB93669B-EC44-4571-B842-8BB37EDDB48D}.Release|x86.Build.0 = Release|Any CPU
		{802A0954-B83C-448C-945C-E6C8A2CD30CC}.Debug|Any CPU.ActiveCfg = Debug|Any CPU
		{802A0954-B83C-448C-945C-E6C8A2CD30CC}.Debug|Any CPU.Build.0 = Debug|Any CPU
		{802A0954-B83C-448C-945C-E6C8A2CD30CC}.Debug|x64.ActiveCfg = Debug|Any CPU
		{802A0954-B83C-448C-945C-E6C8A2CD30CC}.Debug|x64.Build.0 = Debug|Any CPU
		{802A0954-B83C-448C-945C-E6C8A2CD30CC}.Debug|x86.ActiveCfg = Debug|Any CPU
		{802A0954-B83C-448C-945C-E6C8A2CD30CC}.Debug|x86.Build.0 = Debug|Any CPU
		{802A0954-B83C-448C-945C-E6C8A2CD30CC}.Release|Any CPU.ActiveCfg = Release|Any CPU
		{802A0954-B83C-448C-945C-E6C8A2CD30CC}.Release|Any CPU.Build.0 = Release|Any CPU
		{802A0954-B83C-448C-945C-E6C8A2CD30CC}.Release|x64.ActiveCfg = Release|Any CPU
		{802A0954-B83C-448C-945C-E6C8A2CD30CC}.Release|x64.Build.0 = Release|Any CPU
		{802A0954-B83C-448C-945C-E6C8A2CD30CC}.Release|x86.ActiveCfg = Release|Any CPU
		{802A0954-B83C-448C-945C-E6C8A2CD30CC}.Release|x86.Build.0 = Release|Any CPU
		{9073121D-CD25-4FC3-95B7-AAE6C591DD2F}.Debug|Any CPU.ActiveCfg = Debug|Any CPU
		{9073121D-CD25-4FC3-95B7-AAE6C591DD2F}.Debug|Any CPU.Build.0 = Debug|Any CPU
		{9073121D-CD25-4FC3-95B7-AAE6C591DD2F}.Debug|x64.ActiveCfg = Debug|Any CPU
		{9073121D-CD25-4FC3-95B7-AAE6C591DD2F}.Debug|x64.Build.0 = Debug|Any CPU
		{9073121D-CD25-4FC3-95B7-AAE6C591DD2F}.Debug|x86.ActiveCfg = Debug|Any CPU
		{9073121D-CD25-4FC3-95B7-AAE6C591DD2F}.Debug|x86.Build.0 = Debug|Any CPU
		{9073121D-CD25-4FC3-95B7-AAE6C591DD2F}.Release|Any CPU.ActiveCfg = Release|Any CPU
		{9073121D-CD25-4FC3-95B7-AAE6C591DD2F}.Release|Any CPU.Build.0 = Release|Any CPU
		{9073121D-CD25-4FC3-95B7-AAE6C591DD2F}.Release|x64.ActiveCfg = Release|Any CPU
		{9073121D-CD25-4FC3-95B7-AAE6C591DD2F}.Release|x64.Build.0 = Release|Any CPU
		{9073121D-CD25-4FC3-95B7-AAE6C591DD2F}.Release|x86.ActiveCfg = Release|Any CPU
		{9073121D-CD25-4FC3-95B7-AAE6C591DD2F}.Release|x86.Build.0 = Release|Any CPU
	EndGlobalSection
	GlobalSection(SolutionProperties) = preSolution
		HideSolutionNode = FALSE
	EndGlobalSection
	GlobalSection(NestedProjects) = preSolution
		{31029048-0A04-4435-A260-25CEA05633E4} = {827E0CD3-B72D-47B6-A68D-7590B98EB39B}
		{9668B1E4-EE77-4CD9-8922-E324BDE72FE3} = {827E0CD3-B72D-47B6-A68D-7590B98EB39B}
		{0AE2FBA5-49CF-4E0F-9533-FC7008C734AC} = {827E0CD3-B72D-47B6-A68D-7590B98EB39B}
		{A3B4A387-D6F5-43F8-ABD7-5233B2AB56D2} = {827E0CD3-B72D-47B6-A68D-7590B98EB39B}
		{D209C4A9-0579-4AC8-AB29-336B9EC4F64C} = {827E0CD3-B72D-47B6-A68D-7590B98EB39B}
		{547E99D0-0FCC-459B-9477-945C906C736B} = {827E0CD3-B72D-47B6-A68D-7590B98EB39B}
		{CB93669B-EC44-4571-B842-8BB37EDDB48D} = {827E0CD3-B72D-47B6-A68D-7590B98EB39B}
		{802A0954-B83C-448C-945C-E6C8A2CD30CC} = {0AB3BF05-4346-4AA6-1389-037BE0695223}
		{9073121D-CD25-4FC3-95B7-AAE6C591DD2F} = {0AB3BF05-4346-4AA6-1389-037BE0695223}
	EndGlobalSection
EndGlobal
